
Microsoft Visual Studio Solution File, Format Version 12.00
# Visual Studio 14
VisualStudioVersion = 14.0.24720.0
MinimumVisualStudioVersion = 10.0.40219.1
Project("{FAE04EC0-301F-11D3-BF4B-00C04F79EFBC}") = "Peril.Api", "Peril.Api\Peril.Api.csproj", "{BE560A6B-E037-4244-8BBE-75C001AFD629}"
EndProject
Project("{FAE04EC0-301F-11D3-BF4B-00C04F79EFBC}") = "Peril.Api.Tests", "Peril.Api.Tests\Peril.Api.Tests.csproj", "{8B8A1EE6-98B6-4670-AC06-2513E0BC23F4}"
EndProject
Project("{FAE04EC0-301F-11D3-BF4B-00C04F79EFBC}") = "Peril.Core", "Peril.Core\Peril.Core.csproj", "{69D48885-94FD-4C6B-A893-AD342D3F75E7}"
EndProject
Project("{00D1A9C2-B5F0-4AF3-8072-F6C62B433612}") = "Peril.Api.Database", "Peril.Api.Database\Peril.Api.Database.sqlproj", "{C6C3D835-9B41-4E59-A8A9-ADC5EC8401B5}"
EndProject
Project("{FAE04EC0-301F-11D3-BF4B-00C04F79EFBC}") = "Peril.Api.Repository", "Peril.Api.Repository\Peril.Api.Repository.csproj", "{EC9D446F-AA7D-4741-A0AA-4807F2E9E10C}"
EndProject
Project("{FAE04EC0-301F-11D3-BF4B-00C04F79EFBC}") = "Peril.Api.Repository.Azure", "Peril.Api.Repository.Azure\Peril.Api.Repository.Azure.csproj", "{4A508017-28D8-45B2-BABB-33E97B561316}"
EndProject
Project("{FAE04EC0-301F-11D3-BF4B-00C04F79EFBC}") = "Peril.Api.Repository.Azure.Tests", "Peril.Api.Repository.Azure.Tests\Peril.Api.Repository.Azure.Tests.csproj", "{F5C72005-8F00-4C61-8421-6373F1055611}"
EndProject
Global
	GlobalSection(SolutionConfigurationPlatforms) = preSolution
		Debug|Any CPU = Debug|Any CPU
		Release|Any CPU = Release|Any CPU
	EndGlobalSection
	GlobalSection(ProjectConfigurationPlatforms) = postSolution
		{BE560A6B-E037-4244-8BBE-75C001AFD629}.Debug|Any CPU.ActiveCfg = Debug|Any CPU
		{BE560A6B-E037-4244-8BBE-75C001AFD629}.Debug|Any CPU.Build.0 = Debug|Any CPU
		{BE560A6B-E037-4244-8BBE-75C001AFD629}.Release|Any CPU.ActiveCfg = Release|Any CPU
		{BE560A6B-E037-4244-8BBE-75C001AFD629}.Release|Any CPU.Build.0 = Release|Any CPU
		{8B8A1EE6-98B6-4670-AC06-2513E0BC23F4}.Debug|Any CPU.ActiveCfg = Debug|Any CPU
		{8B8A1EE6-98B6-4670-AC06-2513E0BC23F4}.Debug|Any CPU.Build.0 = Debug|Any CPU
		{8B8A1EE6-98B6-4670-AC06-2513E0BC23F4}.Release|Any CPU.ActiveCfg = Release|Any CPU
		{8B8A1EE6-98B6-4670-AC06-2513E0BC23F4}.Release|Any CPU.Build.0 = Release|Any CPU
		{69D48885-94FD-4C6B-A893-AD342D3F75E7}.Debug|Any CPU.ActiveCfg = Debug|Any CPU
		{69D48885-94FD-4C6B-A893-AD342D3F75E7}.Debug|Any CPU.Build.0 = Debug|Any CPU
		{69D48885-94FD-4C6B-A893-AD342D3F75E7}.Release|Any CPU.ActiveCfg = Release|Any CPU
		{69D48885-94FD-4C6B-A893-AD342D3F75E7}.Release|Any CPU.Build.0 = Release|Any CPU
		{C6C3D835-9B41-4E59-A8A9-ADC5EC8401B5}.Debug|Any CPU.ActiveCfg = Debug|Any CPU
		{C6C3D835-9B41-4E59-A8A9-ADC5EC8401B5}.Debug|Any CPU.Build.0 = Debug|Any CPU
		{C6C3D835-9B41-4E59-A8A9-ADC5EC8401B5}.Debug|Any CPU.Deploy.0 = Debug|Any CPU
		{C6C3D835-9B41-4E59-A8A9-ADC5EC8401B5}.Release|Any CPU.ActiveCfg = Release|Any CPU
		{C6C3D835-9B41-4E59-A8A9-ADC5EC8401B5}.Release|Any CPU.Build.0 = Release|Any CPU
		{C6C3D835-9B41-4E59-A8A9-ADC5EC8401B5}.Release|Any CPU.Deploy.0 = Release|Any CPU
		{EC9D446F-AA7D-4741-A0AA-4807F2E9E10C}.Debug|Any CPU.ActiveCfg = Debug|Any CPU
		{EC9D446F-AA7D-4741-A0AA-4807F2E9E10C}.Debug|Any CPU.Build.0 = Debug|Any CPU
		{EC9D446F-AA7D-4741-A0AA-4807F2E9E10C}.Release|Any CPU.ActiveCfg = Release|Any CPU
		{EC9D446F-AA7D-4741-A0AA-4807F2E9E10C}.Release|Any CPU.Build.0 = Release|Any CPU
		{4A508017-28D8-45B2-BABB-33E97B561316}.Debug|Any CPU.ActiveCfg = Debug|Any CPU
		{4A508017-28D8-45B2-BABB-33E97B561316}.Debug|Any CPU.Build.0 = Debug|Any CPU
		{4A508017-28D8-45B2-BABB-33E97B561316}.Release|Any CPU.ActiveCfg = Release|Any CPU
		{4A508017-28D8-45B2-BABB-33E97B561316}.Release|Any CPU.Build.0 = Release|Any CPU
		{F5C72005-8F00-4C61-8421-6373F1055611}.Debug|Any CPU.ActiveCfg = Debug|Any CPU
		{F5C72005-8F00-4C61-8421-6373F1055611}.Debug|Any CPU.Build.0 = Debug|Any CPU
		{F5C72005-8F00-4C61-8421-6373F1055611}.Release|Any CPU.ActiveCfg = Release|Any CPU
		{F5C72005-8F00-4C61-8421-6373F1055611}.Release|Any CPU.Build.0 = Release|Any CPU
	EndGlobalSection
	GlobalSection(SolutionProperties) = preSolution
		HideSolutionNode = FALSE
	EndGlobalSection
EndGlobal
